
Microsoft Visual Studio Solution File, Format Version 12.00
# Visual Studio Version 16
VisualStudioVersion = 16.0.29519.87
MinimumVisualStudioVersion = 10.0.40219.1
Project("{9A19103F-16F7-4668-BE54-9A1E7A4F7556}") = "ARoom", "ARoom\ARoom.csproj", "{A7D90D31-B267-438E-91FC-77A482D077DA}"
EndProject
Project("{9A19103F-16F7-4668-BE54-9A1E7A4F7556}") = "ARoom.Data", "ARoom.Data\ARoom.Data.csproj", "{3FAD3BAD-9FEF-420B-9CF1-544C02D3611F}"
EndProject
Project("{9A19103F-16F7-4668-BE54-9A1E7A4F7556}") = "ARoom.Services", "ARoom.Services\ARoom.Services.csproj", "{EEB87284-9A3A-482E-A1A0-06DF9016147C}"
EndProject
Project("{9A19103F-16F7-4668-BE54-9A1E7A4F7556}") = "ARoom.Common", "ARoom.Common\ARoom.Common.csproj", "{9EBEDFAD-9A96-41EA-9038-AC7B6F91DCE0}"
EndProject
Project("{FAE04EC0-301F-11D3-BF4B-00C04F79EFBC}") = "ARoom.Dto", "ARoom.Dto\ARoom.Dto.csproj", "{C75DBF56-D8B5-47B7-9D42-36E07F0F58C9}"
EndProject
Global
	GlobalSection(SolutionConfigurationPlatforms) = preSolution
		Debug|Any CPU = Debug|Any CPU
		Release|Any CPU = Release|Any CPU
	EndGlobalSection
	GlobalSection(ProjectConfigurationPlatforms) = postSolution
		{A7D90D31-B267-438E-91FC-77A482D077DA}.Debug|Any CPU.ActiveCfg = Debug|Any CPU
		{A7D90D31-B267-438E-91FC-77A482D077DA}.Debug|Any CPU.Build.0 = Debug|Any CPU
		{A7D90D31-B267-438E-91FC-77A482D077DA}.Release|Any CPU.ActiveCfg = Release|Any CPU
		{A7D90D31-B267-438E-91FC-77A482D077DA}.Release|Any CPU.Build.0 = Release|Any CPU
		{3FAD3BAD-9FEF-420B-9CF1-544C02D3611F}.Debug|Any CPU.ActiveCfg = Debug|Any CPU
		{3FAD3BAD-9FEF-420B-9CF1-544C02D3611F}.Debug|Any CPU.Build.0 = Debug|Any CPU
		{3FAD3BAD-9FEF-420B-9CF1-544C02D3611F}.Release|Any CPU.ActiveCfg = Release|Any CPU
		{3FAD3BAD-9FEF-420B-9CF1-544C02D3611F}.Release|Any CPU.Build.0 = Release|Any CPU
		{EEB87284-9A3A-482E-A1A0-06DF9016147C}.Debug|Any CPU.ActiveCfg = Debug|Any CPU
		{EEB87284-9A3A-482E-A1A0-06DF9016147C}.Debug|Any CPU.Build.0 = Debug|Any CPU
		{EEB87284-9A3A-482E-A1A0-06DF9016147C}.Release|Any CPU.ActiveCfg = Release|Any CPU
		{EEB87284-9A3A-482E-A1A0-06DF9016147C}.Release|Any CPU.Build.0 = Release|Any CPU
		{9EBEDFAD-9A96-41EA-9038-AC7B6F91DCE0}.Debug|Any CPU.ActiveCfg = Debug|Any CPU
		{9EBEDFAD-9A96-41EA-9038-AC7B6F91DCE0}.Debug|Any CPU.Build.0 = Debug|Any CPU
		{9EBEDFAD-9A96-41EA-9038-AC7B6F91DCE0}.Release|Any CPU.ActiveCfg = Release|Any CPU
		{9EBEDFAD-9A96-41EA-9038-AC7B6F91DCE0}.Release|Any CPU.Build.0 = Release|Any CPU
		{C75DBF56-D8B5-47B7-9D42-36E07F0F58C9}.Debug|Any CPU.ActiveCfg = Debug|Any CPU
		{C75DBF56-D8B5-47B7-9D42-36E07F0F58C9}.Debug|Any CPU.Build.0 = Debug|Any CPU
		{C75DBF56-D8B5-47B7-9D42-36E07F0F58C9}.Release|Any CPU.ActiveCfg = Release|Any CPU
		{C75DBF56-D8B5-47B7-9D42-36E07F0F58C9}.Release|Any CPU.Build.0 = Release|Any CPU
	EndGlobalSection
	GlobalSection(SolutionProperties) = preSolution
		HideSolutionNode = FALSE
	EndGlobalSection
	GlobalSection(ExtensibilityGlobals) = postSolution
		SolutionGuid = {AD4C0058-3FDC-47BE-BC6A-70D6282A7DB8}
	EndGlobalSection
EndGlobal
